
Microsoft Visual Studio Solution File, Format Version 12.00
# Visual Studio 14
VisualStudioVersion = 14.0.24720.0
MinimumVisualStudioVersion = 10.0.40219.1
Project("{F2A71F9B-5D33-465A-A702-920D77279786}") = "fsharp.Modularization", "fsharp.Modularization.fsproj", "{5F266262-8F2D-444B-9942-F7BEE2DE3404}"
EndProject
Global
	GlobalSection(SolutionConfigurationPlatforms) = preSolution
		Debug|Any CPU = Debug|Any CPU
		Release|Any CPU = Release|Any CPU
	EndGlobalSection
	GlobalSection(ProjectConfigurationPlatforms) = postSolution
		{5F266262-8F2D-444B-9942-F7BEE2DE3404}.Debug|Any CPU.ActiveCfg = Debug|Any CPU
		{5F266262-8F2D-444B-9942-F7BEE2DE3404}.Debug|Any CPU.Build.0 = Debug|Any CPU
		{5F266262-8F2D-444B-9942-F7BEE2DE3404}.Release|Any CPU.ActiveCfg = Release|Any CPU
		{5F266262-8F2D-444B-9942-F7BEE2DE3404}.Release|Any CPU.Build.0 = Release|Any CPU
	EndGlobalSection
	GlobalSection(SolutionProperties) = preSolution
		HideSolutionNode = FALSE
	EndGlobalSection
EndGlobal
